
Microsoft Visual Studio Solution File, Format Version 12.00
# Visual Studio Version 17
VisualStudioVersion = 17.7.34202.233
MinimumVisualStudioVersion = 10.0.40219.1
Project("{9A19103F-16F7-4668-BE54-9A1E7A4F7556}") = "Basic Programs", "Basic Programs\Basic Programs.csproj", "{372C2272-22A2-4075-9454-4EA18097A452}"
EndProject
Project("{9A19103F-16F7-4668-BE54-9A1E7A4F7556}") = "Assignment-1-oct-18", "Assignment-1-oct-18\Assignment-1-oct-18.csproj", "{0E3B5D98-611A-4C33-9579-2082811F68E5}"
EndProject
Project("{9A19103F-16F7-4668-BE54-9A1E7A4F7556}") = "Assignment-2-oct-19", "Assingnment-2-oct-19\Assignment-2-oct-19.csproj", "{6888E4AA-B547-43DD-A740-7DD8B99F7CBE}"
EndProject
Project("{9A19103F-16F7-4668-BE54-9A1E7A4F7556}") = "Assignment-3-oct-19", "Assignment-3-oct-19\Assignment-3-oct-19.csproj", "{5A5DDB49-10E3-410D-91AB-889A7322A392}"
EndProject
Project("{9A19103F-16F7-4668-BE54-9A1E7A4F7556}") = "Assignment-4-oct-20", "Assignment-4-oct-20\Assignment-4-oct-20.csproj", "{380214C8-4F6A-438C-8F4B-7F13992962E5}"
EndProject
Project("{9A19103F-16F7-4668-BE54-9A1E7A4F7556}") = "Case-Study-1", "Case-Study-1\Case-Study-1.csproj", "{86E6D263-ABB9-47C6-A6F8-87EDD9433C07}"
EndProject
Project("{9A19103F-16F7-4668-BE54-9A1E7A4F7556}") = "Assignment-4-oct-23", "Assignment-4-oct-23\Assignment-4-oct-23.csproj", "{C73FC901-367A-4C5B-B79B-2C4809EC2156}"
EndProject
Project("{9A19103F-16F7-4668-BE54-9A1E7A4F7556}") = "Assignment-4_2-oct-23", "Assignment-4_2-oct-23\Assignment-4_2-oct-23.csproj", "{11544A65-3E0C-43E7-AB4E-A4CBD1BE3E5D}"
EndProject
Project("{9A19103F-16F7-4668-BE54-9A1E7A4F7556}") = "Assignment-5-oct-25", "Assignment-5-oct-25\Assignment-5-oct-25.csproj", "{F77B8210-7CC2-4C94-9F1D-F07B379CC0A7}"
EndProject
Project("{FAE04EC0-301F-11D3-BF4B-00C04F79EFBC}") = "Assignment-6-oct-26", "Assignment-6-oct-26\Assignment-6-oct-26.csproj", "{4E89328B-409F-4936-866D-35FBE1742366}"
EndProject
Global
	GlobalSection(SolutionConfigurationPlatforms) = preSolution
		Debug|Any CPU = Debug|Any CPU
		Release|Any CPU = Release|Any CPU
	EndGlobalSection
	GlobalSection(ProjectConfigurationPlatforms) = postSolution
		{372C2272-22A2-4075-9454-4EA18097A452}.Debug|Any CPU.ActiveCfg = Debug|Any CPU
		{372C2272-22A2-4075-9454-4EA18097A452}.Debug|Any CPU.Build.0 = Debug|Any CPU
		{372C2272-22A2-4075-9454-4EA18097A452}.Release|Any CPU.ActiveCfg = Release|Any CPU
		{372C2272-22A2-4075-9454-4EA18097A452}.Release|Any CPU.Build.0 = Release|Any CPU
		{0E3B5D98-611A-4C33-9579-2082811F68E5}.Debug|Any CPU.ActiveCfg = Debug|Any CPU
		{0E3B5D98-611A-4C33-9579-2082811F68E5}.Debug|Any CPU.Build.0 = Debug|Any CPU
		{0E3B5D98-611A-4C33-9579-2082811F68E5}.Release|Any CPU.ActiveCfg = Release|Any CPU
		{0E3B5D98-611A-4C33-9579-2082811F68E5}.Release|Any CPU.Build.0 = Release|Any CPU
		{6888E4AA-B547-43DD-A740-7DD8B99F7CBE}.Debug|Any CPU.ActiveCfg = Debug|Any CPU
		{6888E4AA-B547-43DD-A740-7DD8B99F7CBE}.Debug|Any CPU.Build.0 = Debug|Any CPU
		{6888E4AA-B547-43DD-A740-7DD8B99F7CBE}.Release|Any CPU.ActiveCfg = Release|Any CPU
		{6888E4AA-B547-43DD-A740-7DD8B99F7CBE}.Release|Any CPU.Build.0 = Release|Any CPU
		{5A5DDB49-10E3-410D-91AB-889A7322A392}.Debug|Any CPU.ActiveCfg = Debug|Any CPU
		{5A5DDB49-10E3-410D-91AB-889A7322A392}.Debug|Any CPU.Build.0 = Debug|Any CPU
		{5A5DDB49-10E3-410D-91AB-889A7322A392}.Release|Any CPU.ActiveCfg = Release|Any CPU
		{5A5DDB49-10E3-410D-91AB-889A7322A392}.Release|Any CPU.Build.0 = Release|Any CPU
		{380214C8-4F6A-438C-8F4B-7F13992962E5}.Debug|Any CPU.ActiveCfg = Debug|Any CPU
		{380214C8-4F6A-438C-8F4B-7F13992962E5}.Debug|Any CPU.Build.0 = Debug|Any CPU
		{380214C8-4F6A-438C-8F4B-7F13992962E5}.Release|Any CPU.ActiveCfg = Release|Any CPU
		{380214C8-4F6A-438C-8F4B-7F13992962E5}.Release|Any CPU.Build.0 = Release|Any CPU
		{86E6D263-ABB9-47C6-A6F8-87EDD9433C07}.Debug|Any CPU.ActiveCfg = Debug|Any CPU
		{86E6D263-ABB9-47C6-A6F8-87EDD9433C07}.Debug|Any CPU.Build.0 = Debug|Any CPU
		{86E6D263-ABB9-47C6-A6F8-87EDD9433C07}.Release|Any CPU.ActiveCfg = Release|Any CPU
		{86E6D263-ABB9-47C6-A6F8-87EDD9433C07}.Release|Any CPU.Build.0 = Release|Any CPU
		{C73FC901-367A-4C5B-B79B-2C4809EC2156}.Debug|Any CPU.ActiveCfg = Debug|Any CPU
		{C73FC901-367A-4C5B-B79B-2C4809EC2156}.Debug|Any CPU.Build.0 = Debug|Any CPU
		{C73FC901-367A-4C5B-B79B-2C4809EC2156}.Release|Any CPU.ActiveCfg = Release|Any CPU
		{C73FC901-367A-4C5B-B79B-2C4809EC2156}.Release|Any CPU.Build.0 = Release|Any CPU
		{11544A65-3E0C-43E7-AB4E-A4CBD1BE3E5D}.Debug|Any CPU.ActiveCfg = Debug|Any CPU
		{11544A65-3E0C-43E7-AB4E-A4CBD1BE3E5D}.Debug|Any CPU.Build.0 = Debug|Any CPU
		{11544A65-3E0C-43E7-AB4E-A4CBD1BE3E5D}.Release|Any CPU.ActiveCfg = Release|Any CPU
		{11544A65-3E0C-43E7-AB4E-A4CBD1BE3E5D}.Release|Any CPU.Build.0 = Release|Any CPU
		{F77B8210-7CC2-4C94-9F1D-F07B379CC0A7}.Debug|Any CPU.ActiveCfg = Debug|Any CPU
		{F77B8210-7CC2-4C94-9F1D-F07B379CC0A7}.Debug|Any CPU.Build.0 = Debug|Any CPU
		{F77B8210-7CC2-4C94-9F1D-F07B379CC0A7}.Release|Any CPU.ActiveCfg = Release|Any CPU
		{F77B8210-7CC2-4C94-9F1D-F07B379CC0A7}.Release|Any CPU.Build.0 = Release|Any CPU
		{4E89328B-409F-4936-866D-35FBE1742366}.Debug|Any CPU.ActiveCfg = Debug|Any CPU
		{4E89328B-409F-4936-866D-35FBE1742366}.Debug|Any CPU.Build.0 = Debug|Any CPU
		{4E89328B-409F-4936-866D-35FBE1742366}.Release|Any CPU.ActiveCfg = Release|Any CPU
		{4E89328B-409F-4936-866D-35FBE1742366}.Release|Any CPU.Build.0 = Release|Any CPU
	EndGlobalSection
	GlobalSection(SolutionProperties) = preSolution
		HideSolutionNode = FALSE
	EndGlobalSection
	GlobalSection(ExtensibilityGlobals) = postSolution
		SolutionGuid = {51AD4127-3F60-4A07-AF40-43CEC97CF2E8}
	EndGlobalSection
EndGlobal
